
Microsoft Visual Studio Solution File, Format Version 12.00
# Visual Studio Version 17
VisualStudioVersion = 17.12.35527.113 d17.12
MinimumVisualStudioVersion = 10.0.40219.1
Project("{FAE04EC0-301F-11D3-BF4B-00C04F79EFBC}") = "Parte1", "Parte1\Parte1.csproj", "{B99A26A6-BEA5-4564-801C-12797A769CF7}"
EndProject
Global
	GlobalSection(SolutionConfigurationPlatforms) = preSolution
		Debug|Any CPU = Debug|Any CPU
		Release|Any CPU = Release|Any CPU
	EndGlobalSection
	GlobalSection(ProjectConfigurationPlatforms) = postSolution
		{B99A26A6-BEA5-4564-801C-12797A769CF7}.Debug|Any CPU.ActiveCfg = Debug|Any CPU
		{B99A26A6-BEA5-4564-801C-12797A769CF7}.Debug|Any CPU.Build.0 = Debug|Any CPU
		{B99A26A6-BEA5-4564-801C-12797A769CF7}.Release|Any CPU.ActiveCfg = Release|Any CPU
		{B99A26A6-BEA5-4564-801C-12797A769CF7}.Release|Any CPU.Build.0 = Release|Any CPU
	EndGlobalSection
	GlobalSection(SolutionProperties) = preSolution
		HideSolutionNode = FALSE
	EndGlobalSection
EndGlobal
